
Microsoft Visual Studio Solution File, Format Version 12.00
# Visual Studio 15
VisualStudioVersion = 15.0.28307.421
MinimumVisualStudioVersion = 10.0.40219.1
Project("{FAE04EC0-301F-11D3-BF4B-00C04F79EFBC}") = "SblendersASP", "SblendersASP\SblendersASP.csproj", "{A54F7EA6-6311-44A9-B6E3-92818D8A454D}"
EndProject
Global
	GlobalSection(SolutionConfigurationPlatforms) = preSolution
		Debug|Any CPU = Debug|Any CPU
		Release|Any CPU = Release|Any CPU
	EndGlobalSection
	GlobalSection(ProjectConfigurationPlatforms) = postSolution
		{A54F7EA6-6311-44A9-B6E3-92818D8A454D}.Debug|Any CPU.ActiveCfg = Debug|Any CPU
		{A54F7EA6-6311-44A9-B6E3-92818D8A454D}.Debug|Any CPU.Build.0 = Debug|Any CPU
		{A54F7EA6-6311-44A9-B6E3-92818D8A454D}.Release|Any CPU.ActiveCfg = Release|Any CPU
		{A54F7EA6-6311-44A9-B6E3-92818D8A454D}.Release|Any CPU.Build.0 = Release|Any CPU
	EndGlobalSection
	GlobalSection(SolutionProperties) = preSolution
		HideSolutionNode = FALSE
	EndGlobalSection
	GlobalSection(ExtensibilityGlobals) = postSolution
		SolutionGuid = {3BA81526-7A80-47EA-8B00-347062AE838D}
	EndGlobalSection
EndGlobal
